
Microsoft Visual Studio Solution File, Format Version 12.00
# Visual Studio Version 17
VisualStudioVersion = 17.14.36811.4 d17.14
MinimumVisualStudioVersion = 10.0.40219.1
Project("{2150E333-8FDC-42A3-9474-1A3956D46DE8}") = "Design Patterns Criacionais", "Design Patterns Criacionais", "{02EA681E-C7D8-13C7-8484-4AC65E1B71E8}"
EndProject
Project("{2150E333-8FDC-42A3-9474-1A3956D46DE8}") = "Design Patterns Estruturais", "Design Patterns Estruturais", "{692C4652-7810-48B9-83E0-218F60EA05E2}"
EndProject
Project("{2150E333-8FDC-42A3-9474-1A3956D46DE8}") = "Design Patterns Comportamentais", "Design Patterns Comportamentais", "{FD4283CE-E56A-409B-AE96-9C5ED3964DAD}"
EndProject
Project("{FAE04EC0-301F-11D3-BF4B-00C04F79EFBC}") = "DesignPatterns.FactoryMethod", "DesignPatterns.FactoryMethod\DesignPatterns.FactoryMethod.csproj", "{234C5F14-9F40-49E0-9551-A0CACB6FE5B0}"
EndProject
Project("{FAE04EC0-301F-11D3-BF4B-00C04F79EFBC}") = "DesignPatterns.AbstractFactory", "DesignPatterns.AbstractFactory\DesignPatterns.AbstractFactory.csproj", "{496A8B24-5441-492D-AF4E-C4B626227F03}"
EndProject
Project("{FAE04EC0-301F-11D3-BF4B-00C04F79EFBC}") = "DesignPatterns.Builder", "DesignPatterns.Builder\DesignPatterns.Builder.csproj", "{6750F30A-59BB-4A0F-AE19-435C8802A602}"
EndProject
Project("{FAE04EC0-301F-11D3-BF4B-00C04F79EFBC}") = "DesignPatterns.Prototype", "DesignPatterns.Prototype\DesignPatterns.Prototype.csproj", "{16AE2271-A748-42DB-95B1-F80087058A9F}"
EndProject
Project("{FAE04EC0-301F-11D3-BF4B-00C04F79EFBC}") = "DesignPatterns.Singleton", "DesignPatterns.Singleton\DesignPatterns.Singleton.csproj", "{6BEF8853-9BF2-45B3-8B57-66ED828C61DC}"
EndProject
Project("{FAE04EC0-301F-11D3-BF4B-00C04F79EFBC}") = "DesignPatterns.Adapter", "DesignPatterns.Adapter\DesignPatterns.Adapter.csproj", "{280757F1-4DAE-4C63-962C-A0DDA0396074}"
EndProject
Project("{FAE04EC0-301F-11D3-BF4B-00C04F79EFBC}") = "DesignPatterns.Bridge", "DesignPatterns.Bridge\DesignPatterns.Bridge.csproj", "{A48F9F89-E8BF-457F-AA9A-66C96FD689F7}"
EndProject
Project("{FAE04EC0-301F-11D3-BF4B-00C04F79EFBC}") = "DesignPatterns.Composite", "DesignPatterns.Composite\DesignPatterns.Composite.csproj", "{ECC0C9DF-08D9-49EB-AD63-3AA6B3046C86}"
EndProject
Project("{FAE04EC0-301F-11D3-BF4B-00C04F79EFBC}") = "DesignPatterns.Decorator", "DesignPatterns.Decorator\DesignPatterns.Decorator.csproj", "{598BDC3A-3D85-44EB-BAA5-D92129703656}"
EndProject
Project("{FAE04EC0-301F-11D3-BF4B-00C04F79EFBC}") = "DesignPatterns.Facade", "DesignPatterns.Facade\DesignPatterns.Facade.csproj", "{947EFB5A-3849-4D66-B355-00FBCAB659EF}"
EndProject
Project("{FAE04EC0-301F-11D3-BF4B-00C04F79EFBC}") = "DesignPatterns.Flyweight", "DesignPatterns.Flyweight\DesignPatterns.Flyweight.csproj", "{1D471040-5189-4996-888D-16AE7EA86160}"
EndProject
Project("{FAE04EC0-301F-11D3-BF4B-00C04F79EFBC}") = "DesignPatterns.Proxy", "DesignPatterns.Proxy\DesignPatterns.Proxy.csproj", "{6FB6D6B5-5F94-4413-B7EA-A5D4D46CA2A8}"
EndProject
Project("{FAE04EC0-301F-11D3-BF4B-00C04F79EFBC}") = "DesignPatterns.ChainOfResponsability", "DesignPatterns.ChainOfResponsability\DesignPatterns.ChainOfResponsability.csproj", "{2BEF83AC-51F4-4482-A461-8656440FC285}"
EndProject
Project("{FAE04EC0-301F-11D3-BF4B-00C04F79EFBC}") = "DesignPatterns.Command", "DesignPatterns.Command\DesignPatterns.Command.csproj", "{E4C3E003-76D2-4404-BB7B-3477BCEC7FF0}"
EndProject
Project("{FAE04EC0-301F-11D3-BF4B-00C04F79EFBC}") = "DesignPatterns.Iterator", "DesignPatterns.Iterator\DesignPatterns.Iterator.csproj", "{417B326F-5341-40BA-BFE9-9A7478E24F20}"
EndProject
Project("{FAE04EC0-301F-11D3-BF4B-00C04F79EFBC}") = "DesignPatterns.Memento", "DesignPatterns.Memento\DesignPatterns.Memento.csproj", "{FB096DF0-3740-451E-BFCD-49BB222A4408}"
EndProject
Project("{FAE04EC0-301F-11D3-BF4B-00C04F79EFBC}") = "DesignPatterns.Mediator", "DesignPatterns.Mediator\DesignPatterns.Mediator.csproj", "{363F5494-B837-4512-81EC-AC0D236BAB33}"
EndProject
Project("{FAE04EC0-301F-11D3-BF4B-00C04F79EFBC}") = "DesignPatterns.Observer", "DesignPatterns.Observer\DesignPatterns.Observer.csproj", "{CECB1886-07B8-4434-A23E-986DC8E466BC}"
EndProject
Project("{FAE04EC0-301F-11D3-BF4B-00C04F79EFBC}") = "DesignPatterns.State", "DesignPatterns.State\DesignPatterns.State.csproj", "{A83059D8-9EB6-4137-9C25-6DE9E3B4B47D}"
EndProject
Project("{FAE04EC0-301F-11D3-BF4B-00C04F79EFBC}") = "DesignPatterns.Strategy", "DesignPatterns.Strategy\DesignPatterns.Strategy.csproj", "{F22D7059-7918-402A-A0ED-9AEBF6E5716E}"
EndProject
Project("{FAE04EC0-301F-11D3-BF4B-00C04F79EFBC}") = "DesignPatterns.TemplateMethod", "DesignPatterns.TemplateMethod\DesignPatterns.TemplateMethod.csproj", "{31C11139-53A0-4C56-8432-BBE25F7FA64C}"
EndProject
Project("{FAE04EC0-301F-11D3-BF4B-00C04F79EFBC}") = "DesignPatterns.Visitor", "DesignPatterns.Visitor\DesignPatterns.Visitor.csproj", "{5FEFA6AE-C493-4CFA-82AA-8AF42B892C25}"
EndProject
Global
	GlobalSection(SolutionConfigurationPlatforms) = preSolution
		Debug|Any CPU = Debug|Any CPU
		Release|Any CPU = Release|Any CPU
	EndGlobalSection
	GlobalSection(ProjectConfigurationPlatforms) = postSolution
		{234C5F14-9F40-49E0-9551-A0CACB6FE5B0}.Debug|Any CPU.ActiveCfg = Debug|Any CPU
		{234C5F14-9F40-49E0-9551-A0CACB6FE5B0}.Debug|Any CPU.Build.0 = Debug|Any CPU
		{234C5F14-9F40-49E0-9551-A0CACB6FE5B0}.Release|Any CPU.ActiveCfg = Release|Any CPU
		{234C5F14-9F40-49E0-9551-A0CACB6FE5B0}.Release|Any CPU.Build.0 = Release|Any CPU
		{496A8B24-5441-492D-AF4E-C4B626227F03}.Debug|Any CPU.ActiveCfg = Debug|Any CPU
		{496A8B24-5441-492D-AF4E-C4B626227F03}.Debug|Any CPU.Build.0 = Debug|Any CPU
		{496A8B24-5441-492D-AF4E-C4B626227F03}.Release|Any CPU.ActiveCfg = Release|Any CPU
		{496A8B24-5441-492D-AF4E-C4B626227F03}.Release|Any CPU.Build.0 = Release|Any CPU
		{6750F30A-59BB-4A0F-AE19-435C8802A602}.Debug|Any CPU.ActiveCfg = Debug|Any CPU
		{6750F30A-59BB-4A0F-AE19-435C8802A602}.Debug|Any CPU.Build.0 = Debug|Any CPU
		{6750F30A-59BB-4A0F-AE19-435C8802A602}.Release|Any CPU.ActiveCfg = Release|Any CPU
		{6750F30A-59BB-4A0F-AE19-435C8802A602}.Release|Any CPU.Build.0 = Release|Any CPU
		{16AE2271-A748-42DB-95B1-F80087058A9F}.Debug|Any CPU.ActiveCfg = Debug|Any CPU
		{16AE2271-A748-42DB-95B1-F80087058A9F}.Debug|Any CPU.Build.0 = Debug|Any CPU
		{16AE2271-A748-42DB-95B1-F80087058A9F}.Release|Any CPU.ActiveCfg = Release|Any CPU
		{16AE2271-A748-42DB-95B1-F80087058A9F}.Release|Any CPU.Build.0 = Release|Any CPU
		{6BEF8853-9BF2-45B3-8B57-66ED828C61DC}.Debug|Any CPU.ActiveCfg = Debug|Any CPU
		{6BEF8853-9BF2-45B3-8B57-66ED828C61DC}.Debug|Any CPU.Build.0 = Debug|Any CPU
		{6BEF8853-9BF2-45B3-8B57-66ED828C61DC}.Release|Any CPU.ActiveCfg = Release|Any CPU
		{6BEF8853-9BF2-45B3-8B57-66ED828C61DC}.Release|Any CPU.Build.0 = Release|Any CPU
		{280757F1-4DAE-4C63-962C-A0DDA0396074}.Debug|Any CPU.ActiveCfg = Debug|Any CPU
		{280757F1-4DAE-4C63-962C-A0DDA0396074}.Debug|Any CPU.Build.0 = Debug|Any CPU
		{280757F1-4DAE-4C63-962C-A0DDA0396074}.Release|Any CPU.ActiveCfg = Release|Any CPU
		{280757F1-4DAE-4C63-962C-A0DDA0396074}.Release|Any CPU.Build.0 = Release|Any CPU
		{A48F9F89-E8BF-457F-AA9A-66C96FD689F7}.Debug|Any CPU.ActiveCfg = Debug|Any CPU
		{A48F9F89-E8BF-457F-AA9A-66C96FD689F7}.Debug|Any CPU.Build.0 = Debug|Any CPU
		{A48F9F89-E8BF-457F-AA9A-66C96FD689F7}.Release|Any CPU.ActiveCfg = Release|Any CPU
		{A48F9F89-E8BF-457F-AA9A-66C96FD689F7}.Release|Any CPU.Build.0 = Release|Any CPU
		{ECC0C9DF-08D9-49EB-AD63-3AA6B3046C86}.Debug|Any CPU.ActiveCfg = Debug|Any CPU
		{ECC0C9DF-08D9-49EB-AD63-3AA6B3046C86}.Debug|Any CPU.Build.0 = Debug|Any CPU
		{ECC0C9DF-08D9-49EB-AD63-3AA6B3046C86}.Release|Any CPU.ActiveCfg = Release|Any CPU
		{ECC0C9DF-08D9-49EB-AD63-3AA6B3046C86}.Release|Any CPU.Build.0 = Release|Any CPU
		{598BDC3A-3D85-44EB-BAA5-D92129703656}.Debug|Any CPU.ActiveCfg = Debug|Any CPU
		{598BDC3A-3D85-44EB-BAA5-D92129703656}.Debug|Any CPU.Build.0 = Debug|Any CPU
		{598BDC3A-3D85-44EB-BAA5-D92129703656}.Release|Any CPU.ActiveCfg = Release|Any CPU
		{598BDC3A-3D85-44EB-BAA5-D92129703656}.Release|Any CPU.Build.0 = Release|Any CPU
		{947EFB5A-3849-4D66-B355-00FBCAB659EF}.Debug|Any CPU.ActiveCfg = Debug|Any CPU
		{947EFB5A-3849-4D66-B355-00FBCAB659EF}.Debug|Any CPU.Build.0 = Debug|Any CPU
		{947EFB5A-3849-4D66-B355-00FBCAB659EF}.Release|Any CPU.ActiveCfg = Release|Any CPU
		{947EFB5A-3849-4D66-B355-00FBCAB659EF}.Release|Any CPU.Build.0 = Release|Any CPU
		{1D471040-5189-4996-888D-16AE7EA86160}.Debug|Any CPU.ActiveCfg = Debug|Any CPU
		{1D471040-5189-4996-888D-16AE7EA86160}.Debug|Any CPU.Build.0 = Debug|Any CPU
		{1D471040-5189-4996-888D-16AE7EA86160}.Release|Any CPU.ActiveCfg = Release|Any CPU
		{1D471040-5189-4996-888D-16AE7EA86160}.Release|Any CPU.Build.0 = Release|Any CPU
		{6FB6D6B5-5F94-4413-B7EA-A5D4D46CA2A8}.Debug|Any CPU.ActiveCfg = Debug|Any CPU
		{6FB6D6B5-5F94-4413-B7EA-A5D4D46CA2A8}.Debug|Any CPU.Build.0 = Debug|Any CPU
		{6FB6D6B5-5F94-4413-B7EA-A5D4D46CA2A8}.Release|Any CPU.ActiveCfg = Release|Any CPU
		{6FB6D6B5-5F94-4413-B7EA-A5D4D46CA2A8}.Release|Any CPU.Build.0 = Release|Any CPU
		{2BEF83AC-51F4-4482-A461-8656440FC285}.Debug|Any CPU.ActiveCfg = Debug|Any CPU
		{2BEF83AC-51F4-4482-A461-8656440FC285}.Debug|Any CPU.Build.0 = Debug|Any CPU
		{2BEF83AC-51F4-4482-A461-8656440FC285}.Release|Any CPU.ActiveCfg = Release|Any CPU
		{2BEF83AC-51F4-4482-A461-8656440FC285}.Release|Any CPU.Build.0 = Release|Any CPU
		{E4C3E003-76D2-4404-BB7B-3477BCEC7FF0}.Debug|Any CPU.ActiveCfg = Debug|Any CPU
		{E4C3E003-76D2-4404-BB7B-3477BCEC7FF0}.Debug|Any CPU.Build.0 = Debug|Any CPU
		{E4C3E003-76D2-4404-BB7B-3477BCEC7FF0}.Release|Any CPU.ActiveCfg = Release|Any CPU
		{E4C3E003-76D2-4404-BB7B-3477BCEC7FF0}.Release|Any CPU.Build.0 = Release|Any CPU
		{417B326F-5341-40BA-BFE9-9A7478E24F20}.Debug|Any CPU.ActiveCfg = Debug|Any CPU
		{417B326F-5341-40BA-BFE9-9A7478E24F20}.Debug|Any CPU.Build.0 = Debug|Any CPU
		{417B326F-5341-40BA-BFE9-9A7478E24F20}.Release|Any CPU.ActiveCfg = Release|Any CPU
		{417B326F-5341-40BA-BFE9-9A7478E24F20}.Release|Any CPU.Build.0 = Release|Any CPU
		{FB096DF0-3740-451E-BFCD-49BB222A4408}.Debug|Any CPU.ActiveCfg = Debug|Any CPU
		{FB096DF0-3740-451E-BFCD-49BB222A4408}.Debug|Any CPU.Build.0 = Debug|Any CPU
		{FB096DF0-3740-451E-BFCD-49BB222A4408}.Release|Any CPU.ActiveCfg = Release|Any CPU
		{FB096DF0-3740-451E-BFCD-49BB222A4408}.Release|Any CPU.Build.0 = Release|Any CPU
		{363F5494-B837-4512-81EC-AC0D236BAB33}.Debug|Any CPU.ActiveCfg = Debug|Any CPU
		{363F5494-B837-4512-81EC-AC0D236BAB33}.Debug|Any CPU.Build.0 = Debug|Any CPU
		{363F5494-B837-4512-81EC-AC0D236BAB33}.Release|Any CPU.ActiveCfg = Release|Any CPU
		{363F5494-B837-4512-81EC-AC0D236BAB33}.Release|Any CPU.Build.0 = Release|Any CPU
		{CECB1886-07B8-4434-A23E-986DC8E466BC}.Debug|Any CPU.ActiveCfg = Debug|Any CPU
		{CECB1886-07B8-4434-A23E-986DC8E466BC}.Debug|Any CPU.Build.0 = Debug|Any CPU
		{CECB1886-07B8-4434-A23E-986DC8E466BC}.Release|Any CPU.ActiveCfg = Release|Any CPU
		{CECB1886-07B8-4434-A23E-986DC8E466BC}.Release|Any CPU.Build.0 = Release|Any CPU
		{A83059D8-9EB6-4137-9C25-6DE9E3B4B47D}.Debug|Any CPU.ActiveCfg = Debug|Any CPU
		{A83059D8-9EB6-4137-9C25-6DE9E3B4B47D}.Debug|Any CPU.Build.0 = Debug|Any CPU
		{A83059D8-9EB6-4137-9C25-6DE9E3B4B47D}.Release|Any CPU.ActiveCfg = Release|Any CPU
		{A83059D8-9EB6-4137-9C25-6DE9E3B4B47D}.Release|Any CPU.Build.0 = Release|Any CPU
		{F22D7059-7918-402A-A0ED-9AEBF6E5716E}.Debug|Any CPU.ActiveCfg = Debug|Any CPU
		{F22D7059-7918-402A-A0ED-9AEBF6E5716E}.Debug|Any CPU.Build.0 = Debug|Any CPU
		{F22D7059-7918-402A-A0ED-9AEBF6E5716E}.Release|Any CPU.ActiveCfg = Release|Any CPU
		{F22D7059-7918-402A-A0ED-9AEBF6E5716E}.Release|Any CPU.Build.0 = Release|Any CPU
		{31C11139-53A0-4C56-8432-BBE25F7FA64C}.Debug|Any CPU.ActiveCfg = Debug|Any CPU
		{31C11139-53A0-4C56-8432-BBE25F7FA64C}.Debug|Any CPU.Build.0 = Debug|Any CPU
		{31C11139-53A0-4C56-8432-BBE25F7FA64C}.Release|Any CPU.ActiveCfg = Release|Any CPU
		{31C11139-53A0-4C56-8432-BBE25F7FA64C}.Release|Any CPU.Build.0 = Release|Any CPU
		{5FEFA6AE-C493-4CFA-82AA-8AF42B892C25}.Debug|Any CPU.ActiveCfg = Debug|Any CPU
		{5FEFA6AE-C493-4CFA-82AA-8AF42B892C25}.Debug|Any CPU.Build.0 = Debug|Any CPU
		{5FEFA6AE-C493-4CFA-82AA-8AF42B892C25}.Release|Any CPU.ActiveCfg = Release|Any CPU
		{5FEFA6AE-C493-4CFA-82AA-8AF42B892C25}.Release|Any CPU.Build.0 = Release|Any CPU
	EndGlobalSection
	GlobalSection(SolutionProperties) = preSolution
		HideSolutionNode = FALSE
	EndGlobalSection
	GlobalSection(NestedProjects) = preSolution
		{234C5F14-9F40-49E0-9551-A0CACB6FE5B0} = {02EA681E-C7D8-13C7-8484-4AC65E1B71E8}
		{496A8B24-5441-492D-AF4E-C4B626227F03} = {02EA681E-C7D8-13C7-8484-4AC65E1B71E8}
		{6750F30A-59BB-4A0F-AE19-435C8802A602} = {02EA681E-C7D8-13C7-8484-4AC65E1B71E8}
		{16AE2271-A748-42DB-95B1-F80087058A9F} = {02EA681E-C7D8-13C7-8484-4AC65E1B71E8}
		{6BEF8853-9BF2-45B3-8B57-66ED828C61DC} = {02EA681E-C7D8-13C7-8484-4AC65E1B71E8}
		{280757F1-4DAE-4C63-962C-A0DDA0396074} = {692C4652-7810-48B9-83E0-218F60EA05E2}
		{A48F9F89-E8BF-457F-AA9A-66C96FD689F7} = {692C4652-7810-48B9-83E0-218F60EA05E2}
		{ECC0C9DF-08D9-49EB-AD63-3AA6B3046C86} = {692C4652-7810-48B9-83E0-218F60EA05E2}
		{598BDC3A-3D85-44EB-BAA5-D92129703656} = {692C4652-7810-48B9-83E0-218F60EA05E2}
		{947EFB5A-3849-4D66-B355-00FBCAB659EF} = {692C4652-7810-48B9-83E0-218F60EA05E2}
		{1D471040-5189-4996-888D-16AE7EA86160} = {692C4652-7810-48B9-83E0-218F60EA05E2}
		{6FB6D6B5-5F94-4413-B7EA-A5D4D46CA2A8} = {692C4652-7810-48B9-83E0-218F60EA05E2}
		{2BEF83AC-51F4-4482-A461-8656440FC285} = {FD4283CE-E56A-409B-AE96-9C5ED3964DAD}
		{E4C3E003-76D2-4404-BB7B-3477BCEC7FF0} = {FD4283CE-E56A-409B-AE96-9C5ED3964DAD}
		{417B326F-5341-40BA-BFE9-9A7478E24F20} = {FD4283CE-E56A-409B-AE96-9C5ED3964DAD}
		{FB096DF0-3740-451E-BFCD-49BB222A4408} = {FD4283CE-E56A-409B-AE96-9C5ED3964DAD}
		{363F5494-B837-4512-81EC-AC0D236BAB33} = {FD4283CE-E56A-409B-AE96-9C5ED3964DAD}
		{CECB1886-07B8-4434-A23E-986DC8E466BC} = {FD4283CE-E56A-409B-AE96-9C5ED3964DAD}
		{A83059D8-9EB6-4137-9C25-6DE9E3B4B47D} = {FD4283CE-E56A-409B-AE96-9C5ED3964DAD}
		{F22D7059-7918-402A-A0ED-9AEBF6E5716E} = {FD4283CE-E56A-409B-AE96-9C5ED3964DAD}
		{31C11139-53A0-4C56-8432-BBE25F7FA64C} = {FD4283CE-E56A-409B-AE96-9C5ED3964DAD}
		{5FEFA6AE-C493-4CFA-82AA-8AF42B892C25} = {FD4283CE-E56A-409B-AE96-9C5ED3964DAD}
	EndGlobalSection
	GlobalSection(ExtensibilityGlobals) = postSolution
		SolutionGuid = {D9114BF1-8C4B-4E92-86AB-A989E4D6D931}
	EndGlobalSection
EndGlobal
